// !$*UTF8*$!
{
	archiveVersion = 1;
	classes = {
	};
	objectVersion = 50;
	objects = {

/* Begin PBXBuildFile section */
		2AF04CB522748671003197EF /* SentMemesTableViewController.swift in Sources */ = {isa = PBXBuildFile; fileRef = 2AF04CAA2274866F003197EF /* SentMemesTableViewController.swift */; };
		2AF04CB722748671003197EF /* SentMemesCollectionViewController.swift in Sources */ = {isa = PBXBuildFile; fileRef = 2AF04CAC22748670003197EF /* SentMemesCollectionViewController.swift */; };
		2AF04CB922748671003197EF /* Assets.xcassets in Resources */ = {isa = PBXBuildFile; fileRef = 2AF04CAE22748670003197EF /* Assets.xcassets */; };
		2AF04CBC22748671003197EF /* DetailsViewController.swift in Sources */ = {isa = PBXBuildFile; fileRef = 2AF04CB122748670003197EF /* DetailsViewController.swift */; };
		2AF04CBD22748671003197EF /* CollectionViewCell.swift in Sources */ = {isa = PBXBuildFile; fileRef = 2AF04CB222748671003197EF /* CollectionViewCell.swift */; };
		2AF04CBE22748671003197EF /* Meme.swift in Sources */ = {isa = PBXBuildFile; fileRef = 2AF04CB322748671003197EF /* Meme.swift */; };
		2AF04CBF22748671003197EF /* MemeEditorViewController.swift in Sources */ = {isa = PBXBuildFile; fileRef = 2AF04CB422748671003197EF /* MemeEditorViewController.swift */; };
		E9C43016227484E800BEE8E9 /* AppDelegate.swift in Sources */ = {isa = PBXBuildFile; fileRef = E9C43015227484E800BEE8E9 /* AppDelegate.swift */; };
		E9C4301B227484E800BEE8E9 /* Main.storyboard in Resources */ = {isa = PBXBuildFile; fileRef = E9C43019227484E800BEE8E9 /* Main.storyboard */; };
		E9C43020227484EA00BEE8E9 /* LaunchScreen.storyboard in Resources */ = {isa = PBXBuildFile; fileRef = E9C4301E227484EA00BEE8E9 /* LaunchScreen.storyboard */; };
/* End PBXBuildFile section */

/* Begin PBXFileReference section */
		2AF04CAA2274866F003197EF /* SentMemesTableViewController.swift */ = {isa = PBXFileReference; fileEncoding = 4; lastKnownFileType = sourcecode.swift; path = SentMemesTableViewController.swift; sourceTree = "<group>"; };
		2AF04CAB22748670003197EF /* Info.plist */ = {isa = PBXFileReference; fileEncoding = 4; lastKnownFileType = text.plist.xml; path = Info.plist; sourceTree = "<group>"; };
		2AF04CAC22748670003197EF /* SentMemesCollectionViewController.swift */ = {isa = PBXFileReference; fileEncoding = 4; lastKnownFileType = sourcecode.swift; path = SentMemesCollectionViewController.swift; sourceTree = "<group>"; };
		2AF04CAE22748670003197EF /* Assets.xcassets */ = {isa = PBXFileReference; lastKnownFileType = folder.assetcatalog; path = Assets.xcassets; sourceTree = "<group>"; };
		2AF04CB122748670003197EF /* DetailsViewController.swift */ = {isa = PBXFileReference; fileEncoding = 4; lastKnownFileType = sourcecode.swift; path = DetailsViewController.swift; sourceTree = "<group>"; };
		2AF04CB222748671003197EF /* CollectionViewCell.swift */ = {isa = PBXFileReference; fileEncoding = 4; lastKnownFileType = sourcecode.swift; path = CollectionViewCell.swift; sourceTree = "<group>"; };
		2AF04CB322748671003197EF /* Meme.swift */ = {isa = PBXFileReference; fileEncoding = 4; lastKnownFileType = sourcecode.swift; path = Meme.swift; sourceTree = "<group>"; };
		2AF04CB422748671003197EF /* MemeEditorViewController.swift */ = {isa = PBXFileReference; fileEncoding = 4; lastKnownFileType = sourcecode.swift; path = MemeEditorViewController.swift; sourceTree = "<group>"; };
		E9C43012227484E800BEE8E9 /* MemeMe2.0.app */ = {isa = PBXFileReference; explicitFileType = wrapper.application; includeInIndex = 0; path = MemeMe2.0.app; sourceTree = BUILT_PRODUCTS_DIR; };
		E9C43015227484E800BEE8E9 /* AppDelegate.swift */ = {isa = PBXFileReference; lastKnownFileType = sourcecode.swift; path = AppDelegate.swift; sourceTree = "<group>"; };
		E9C4301A227484E800BEE8E9 /* Base */ = {isa = PBXFileReference; lastKnownFileType = file.storyboard; name = Base; path = Base.lproj/Main.storyboard; sourceTree = "<group>"; };
		E9C4301F227484EA00BEE8E9 /* Base */ = {isa = PBXFileReference; lastKnownFileType = file.storyboard; name = Base; path = Base.lproj/LaunchScreen.storyboard; sourceTree = "<group>"; };
/* End PBXFileReference section */

/* Begin PBXFrameworksBuildPhase section */
		E9C4300F227484E800BEE8E9 /* Frameworks */ = {
			isa = PBXFrameworksBuildPhase;
			buildActionMask = 2147483647;
			files = (
			);
			runOnlyForDeploymentPostprocessing = 0;
		};
/* End PBXFrameworksBuildPhase section */

/* Begin PBXGroup section */
		2AF04CC0227486F7003197EF /* Controllers */ = {
			isa = PBXGroup;
			children = (
				2AF04CB122748670003197EF /* DetailsViewController.swift */,
				2AF04CB422748671003197EF /* MemeEditorViewController.swift */,
				2AF04CAC22748670003197EF /* SentMemesCollectionViewController.swift */,
				2AF04CAA2274866F003197EF /* SentMemesTableViewController.swift */,
			);
			path = Controllers;
			sourceTree = "<group>";
		};
		2AF04CC122748701003197EF /* Models */ = {
			isa = PBXGroup;
			children = (
				2AF04CB322748671003197EF /* Meme.swift */,
			);
			path = Models;
			sourceTree = "<group>";
		};
		2AF04CC22274870A003197EF /* Views */ = {
			isa = PBXGroup;
			children = (
				2AF04CB222748671003197EF /* CollectionViewCell.swift */,
			);
			path = Views;
			sourceTree = "<group>";
		};
		2AF04CC322748716003197EF /* Storyboards */ = {
			isa = PBXGroup;
			children = (
				E9C43019227484E800BEE8E9 /* Main.storyboard */,
				E9C4301E227484EA00BEE8E9 /* LaunchScreen.storyboard */,
			);
			path = Storyboards;
			sourceTree = "<group>";
		};
		2AF04CC422748723003197EF /* Resources */ = {
			isa = PBXGroup;
			children = (
				2AF04CAE22748670003197EF /* Assets.xcassets */,
				2AF04CAB22748670003197EF /* Info.plist */,
			);
			path = Resources;
			sourceTree = "<group>";
		};
		E9C43009227484E800BEE8E9 = {
			isa = PBXGroup;
			children = (
				E9C43014227484E800BEE8E9 /* MemeMe2.0 */,
				E9C43013227484E800BEE8E9 /* Products */,
			);
			sourceTree = "<group>";
		};
		E9C43013227484E800BEE8E9 /* Products */ = {
			isa = PBXGroup;
			children = (
				E9C43012227484E800BEE8E9 /* MemeMe2.0.app */,
			);
			name = Products;
			sourceTree = "<group>";
		};
		E9C43014227484E800BEE8E9 /* MemeMe2.0 */ = {
			isa = PBXGroup;
			children = (
				E9C43015227484E800BEE8E9 /* AppDelegate.swift */,
				2AF04CC322748716003197EF /* Storyboards */,
				2AF04CC422748723003197EF /* Resources */,
				2AF04CC22274870A003197EF /* Views */,
				2AF04CC0227486F7003197EF /* Controllers */,
				2AF04CC122748701003197EF /* Models */,
			);
			path = MemeMe2.0;
			sourceTree = "<group>";
		};
/* End PBXGroup section */

/* Begin PBXNativeTarget section */
		E9C43011227484E800BEE8E9 /* MemeMe2.0 */ = {
			isa = PBXNativeTarget;
			buildConfigurationList = E9C43024227484EA00BEE8E9 /* Build configuration list for PBXNativeTarget "MemeMe2.0" */;
			buildPhases = (
				E9C4300E227484E800BEE8E9 /* Sources */,
				E9C4300F227484E800BEE8E9 /* Frameworks */,
				E9C43010227484E800BEE8E9 /* Resources */,
			);
			buildRules = (
			);
			dependencies = (
			);
			name = MemeMe2.0;
			productName = MemeMe2.0;
			productReference = E9C43012227484E800BEE8E9 /* MemeMe2.0.app */;
			productType = "com.apple.product-type.application";
		};
/* End PBXNativeTarget section */

/* Begin PBXProject section */
		E9C4300A227484E800BEE8E9 /* Project object */ = {
			isa = PBXProject;
			attributes = {
				LastSwiftUpdateCheck = 1020;
				LastUpgradeCheck = 1020;
				ORGANIZATIONNAME = Udacity;
				TargetAttributes = {
					E9C43011227484E800BEE8E9 = {
						CreatedOnToolsVersion = 10.2.1;
					};
				};
			};
			buildConfigurationList = E9C4300D227484E800BEE8E9 /* Build configuration list for PBXProject "MemeMe2.0" */;
			compatibilityVersion = "Xcode 9.3";
			developmentRegion = en;
			hasScannedForEncodings = 0;
			knownRegions = (
				en,
				Base,
			);
			mainGroup = E9C43009227484E800BEE8E9;
			productRefGroup = E9C43013227484E800BEE8E9 /* Products */;
			projectDirPath = "";
			projectRoot = "";
			targets = (
				E9C43011227484E800BEE8E9 /* MemeMe2.0 */,
			);
		};
/* End PBXProject section */

/* Begin PBXResourcesBuildPhase section */
		E9C43010227484E800BEE8E9 /* Resources */ = {
			isa = PBXResourcesBuildPhase;
			buildActionMask = 2147483647;
			files = (
				E9C43020227484EA00BEE8E9 /* LaunchScreen.storyboard in Resources */,
				E9C4301B227484E800BEE8E9 /* Main.storyboard in Resources */,
				2AF04CB922748671003197EF /* Assets.xcassets in Resources */,
			);
			runOnlyForDeploymentPostprocessing = 0;
		};
/* End PBXResourcesBuildPhase section */

/* Begin PBXSourcesBuildPhase section */
		E9C4300E227484E800BEE8E9 /* Sources */ = {
			isa = PBXSourcesBuildPhase;
			buildActionMask = 2147483647;
			files = (
				2AF04CBD22748671003197EF /* CollectionViewCell.swift in Sources */,
				2AF04CBC22748671003197EF /* DetailsViewController.swift in Sources */,
				2AF04CB522748671003197EF /* SentMemesTableViewController.swift in Sources */,
				2AF04CB722748671003197EF /* SentMemesCollectionViewController.swift in Sources */,
				2AF04CBF22748671003197EF /* MemeEditorViewController.swift in Sources */,
				E9C43016227484E800BEE8E9 /* AppDelegate.swift in Sources */,
				2AF04CBE22748671003197EF /* Meme.swift in Sources */,
			);
			runOnlyForDeploymentPostprocessing = 0;
		};
/* End PBXSourcesBuildPhase section */

/* Begin PBXVariantGroup section */
		E9C43019227484E800BEE8E9 /* Main.storyboard */ = {
			isa = PBXVariantGroup;
			children = (
				E9C4301A227484E800BEE8E9 /* Base */,
			);
			name = Main.storyboard;
			sourceTree = "<group>";
		};
		E9C4301E227484EA00BEE8E9 /* LaunchScreen.storyboard */ = {
			isa = PBXVariantGroup;
			children = (
				E9C4301F227484EA00BEE8E9 /* Base */,
			);
			name = LaunchScreen.storyboard;
			sourceTree = "<group>";
		};
/* End PBXVariantGroup section */

/* Begin XCBuildConfiguration section */
		E9C43022227484EA00BEE8E9 /* Debug */ = {
			isa = XCBuildConfiguration;
			buildSettings = {
				ALWAYS_SEARCH_USER_PATHS = NO;
				CLANG_ANALYZER_NONNULL = YES;
				CLANG_ANALYZER_NUMBER_OBJECT_CONVERSION = YES_AGGRESSIVE;
				CLANG_CXX_LANGUAGE_STANDARD = "gnu++14";
				CLANG_CXX_LIBRARY = "libc++";
				CLANG_ENABLE_MODULES = YES;
				CLANG_ENABLE_OBJC_ARC = YES;
				CLANG_ENABLE_OBJC_WEAK = YES;
				CLANG_WARN_BLOCK_CAPTURE_AUTORELEASING = YES;
				CLANG_WARN_BOOL_CONVERSION = YES;
				CLANG_WARN_COMMA = YES;
				CLANG_WARN_CONSTANT_CONVERSION = YES;
				CLANG_WARN_DEPRECATED_OBJC_IMPLEMENTATIONS = YES;
				CLANG_WARN_DIRECT_OBJC_ISA_USAGE = YES_ERROR;
				CLANG_WARN_DOCUMENTATION_COMMENTS = YES;
				CLANG_WARN_EMPTY_BODY = YES;
				CLANG_WARN_ENUM_CONVERSION = YES;
				CLANG_WARN_INFINITE_RECURSION = YES;
				CLANG_WARN_INT_CONVERSION = YES;
				CLANG_WARN_NON_LITERAL_NULL_CONVERSION = YES;
				CLANG_WARN_OBJC_IMPLICIT_RETAIN_SELF = YES;
				CLANG_WARN_OBJC_LITERAL_CONVERSION = YES;
				CLANG_WARN_OBJC_ROOT_CLASS = YES_ERROR;
				CLANG_WARN_RANGE_LOOP_ANALYSIS = YES;
				CLANG_WARN_STRICT_PROTOTYPES = YES;
				CLANG_WARN_SUSPICIOUS_MOVE = YES;
				CLANG_WARN_UNGUARDED_AVAILABILITY = YES_AGGRESSIVE;
				CLANG_WARN_UNREACHABLE_CODE = YES;
				CLANG_WARN__DUPLICATE_METHOD_MATCH = YES;
				CODE_SIGN_IDENTITY = "iPhone Developer";
				COPY_PHASE_STRIP = NO;
				DEBUG_INFORMATION_FORMAT = dwarf;
				ENABLE_STRICT_OBJC_MSGSEND = YES;
				ENABLE_TESTABILITY = YES;
				GCC_C_LANGUAGE_STANDARD = gnu11;
				GCC_DYNAMIC_NO_PIC = NO;
				GCC_NO_COMMON_BLOCKS = YES;
				GCC_OPTIMIZATION_LEVEL = 0;
				GCC_PREPROCESSOR_DEFINITIONS = (
					"DEBUG=1",
					"$(inherited)",
				);
				GCC_WARN_64_TO_32_BIT_CONVERSION = YES;
				GCC_WARN_ABOUT_RETURN_TYPE = YES_ERROR;
				GCC_WARN_UNDECLARED_SELECTOR = YES;
				GCC_WARN_UNINITIALIZED_AUTOS = YES_AGGRESSIVE;
				GCC_WARN_UNUSED_FUNCTION = YES;
				GCC_WARN_UNUSED_VARIABLE = YES;
				IPHONEOS_DEPLOYMENT_TARGET = 12.2;
				MTL_ENABLE_DEBUG_INFO = INCLUDE_SOURCE;
				MTL_FAST_MATH = YES;
				ONLY_ACTIVE_ARCH = YES;
				SDKROOT = iphoneos;
				SWIFT_ACTIVE_COMPILATION_CONDITIONS = DEBUG;
				SWIFT_OPTIMIZATION_LEVEL = "-Onone";
			};
			name = Debug;
		};
		E9C43023227484EA00BEE8E9 /* Release */ = {
			isa = XCBuildConfiguration;
			buildSettings = {
				ALWAYS_SEARCH_USER_PATHS = NO;
				CLANG_ANALYZER_NONNULL = YES;
				CLANG_ANALYZER_NUMBER_OBJECT_CONVERSION = YES_AGGRESSIVE;
				CLANG_CXX_LANGUAGE_STANDARD = "gnu++14";
				CLANG_CXX_LIBRARY = "libc++";
				CLANG_ENABLE_MODULES = YES;
				CLANG_ENABLE_OBJC_ARC = YES;
				CLANG_ENABLE_OBJC_WEAK = YES;
				CLANG_WARN_BLOCK_CAPTURE_AUTORELEASING = YES;
				CLANG_WARN_BOOL_CONVERSION = YES;
				CLANG_WARN_COMMA = YES;
				CLANG_WARN_CONSTANT_CONVERSION = YES;
				CLANG_WARN_DEPRECATED_OBJC_IMPLEMENTATIONS = YES;
				CLANG_WARN_DIRECT_OBJC_ISA_USAGE = YES_ERROR;
				CLANG_WARN_DOCUMENTATION_COMMENTS = YES;
				CLANG_WARN_EMPTY_BODY = YES;
				CLANG_WARN_ENUM_CONVERSION = YES;
				CLANG_WARN_INFINITE_RECURSION = YES;
				CLANG_WARN_INT_CONVERSION = YES;
				CLANG_WARN_NON_LITERAL_NULL_CONVERSION = YES;
				CLANG_WARN_OBJC_IMPLICIT_RETAIN_SELF = YES;
				CLANG_WARN_OBJC_LITERAL_CONVERSION = YES;
				CLANG_WARN_OBJC_ROOT_CLASS = YES_ERROR;
				CLANG_WARN_RANGE_LOOP_ANALYSIS = YES;
				CLANG_WARN_STRICT_PROTOTYPES = YES;
				CLANG_WARN_SUSPICIOUS_MOVE = YES;
				CLANG_WARN_UNGUARDED_AVAILABILITY = YES_AGGRESSIVE;
				CLANG_WARN_UNREACHABLE_CODE = YES;
				CLANG_WARN__DUPLICATE_METHOD_MATCH = YES;
				CODE_SIGN_IDENTITY = "iPhone Developer";
				COPY_PHASE_STRIP = NO;
				DEBUG_INFORMATION_FORMAT = "dwarf-with-dsym";
				ENABLE_NS_ASSERTIONS = NO;
				ENABLE_STRICT_OBJC_MSGSEND = YES;
				GCC_C_LANGUAGE_STANDARD = gnu11;
				GCC_NO_COMMON_BLOCKS = YES;
				GCC_WARN_64_TO_32_BIT_CONVERSION = YES;
				GCC_WARN_ABOUT_RETURN_TYPE = YES_ERROR;
				GCC_WARN_UNDECLARED_SELECTOR = YES;
				GCC_WARN_UNINITIALIZED_AUTOS = YES_AGGRESSIVE;
				GCC_WARN_UNUSED_FUNCTION = YES;
				GCC_WARN_UNUSED_VARIABLE = YES;
				IPHONEOS_DEPLOYMENT_TARGET = 12.2;
				MTL_ENABLE_DEBUG_INFO = NO;
				MTL_FAST_MATH = YES;
				SDKROOT = iphoneos;
				SWIFT_COMPILATION_MODE = wholemodule;
				SWIFT_OPTIMIZATION_LEVEL = "-O";
				VALIDATE_PRODUCT = YES;
			};
			name = Release;
		};
		E9C43025227484EA00BEE8E9 /* Debug */ = {
			isa = XCBuildConfiguration;
			buildSettings = {
				ASSETCATALOG_COMPILER_APPICON_NAME = AppIcon;
				CODE_SIGN_STYLE = Automatic;
				DEVELOPMENT_TEAM = P9WF6QN7AS;
				INFOPLIST_FILE = MemeMe2.0/Resources/Info.plist;
				LD_RUNPATH_SEARCH_PATHS = (
					"$(inherited)",
					"@executable_path/Frameworks",
				);
				PRODUCT_BUNDLE_IDENTIFIER = "com.Udacity.MemeMe2-0";
				PRODUCT_NAME = "$(TARGET_NAME)";
				SWIFT_VERSION = 5.0;
				TARGETED_DEVICE_FAMILY = "1,2";
			};
			name = Debug;
		};
		E9C43026227484EA00BEE8E9 /* Release */ = {
			isa = XCBuildConfiguration;
			buildSettings = {
				ASSETCATALOG_COMPILER_APPICON_NAME = AppIcon;
				CODE_SIGN_STYLE = Automatic;
				DEVELOPMENT_TEAM = P9WF6QN7AS;
				INFOPLIST_FILE = MemeMe2.0/Resources/Info.plist;
				LD_RUNPATH_SEARCH_PATHS = (
					"$(inherited)",
					"@executable_path/Frameworks",
				);
				PRODUCT_BUNDLE_IDENTIFIER = "com.Udacity.MemeMe2-0";
				PRODUCT_NAME = "$(TARGET_NAME)";
				SWIFT_VERSION = 5.0;
				TARGETED_DEVICE_FAMILY = "1,2";
			};
			name = Release;
		};
/* End XCBuildConfiguration section */

/* Begin XCConfigurationList section */
		E9C4300D227484E800BEE8E9 /* Build configuration list for PBXProject "MemeMe2.0" */ = {
			isa = XCConfigurationList;
			buildConfigurations = (
				E9C43022227484EA00BEE8E9 /* Debug */,
				E9C43023227484EA00BEE8E9 /* Release */,
			);
			defaultConfigurationIsVisible = 0;
			defaultConfigurationName = Release;
		};
		E9C43024227484EA00BEE8E9 /* Build configuration list for PBXNativeTarget "MemeMe2.0" */ = {
			isa = XCConfigurationList;
			buildConfigurations = (
				E9C43025227484EA00BEE8E9 /* Debug */,
				E9C43026227484EA00BEE8E9 /* Release */,
			);
			defaultConfigurationIsVisible = 0;
			defaultConfigurationName = Release;
		};
/* End XCConfigurationList section */
	};
	rootObject = E9C4300A227484E800BEE8E9 /* Project object */;
}
